
Microsoft Visual Studio Solution File, Format Version 12.00
# Visual Studio Version 17
VisualStudioVersion = 17.14.36414.22
MinimumVisualStudioVersion = 10.0.40219.1
Project("{2150E333-8FDC-42A3-9474-1A3956D46DE8}") = "src", "src", "{02EA681E-C7D8-13C7-8484-4AC65E1B71E8}"
EndProject
Project("{2150E333-8FDC-42A3-9474-1A3956D46DE8}") = "tests", "tests", "{CEFF65D6-19FB-4DC1-BF83-271D5AE81CF9}"
EndProject
Project("{FAE04EC0-301F-11D3-BF4B-00C04F79EFBC}") = "UserService.Api", "src\UserService\UserService.Api\UserService.Api.csproj", "{5E05B533-8EC1-4B08-A55E-646572482645}"
EndProject
Project("{FAE04EC0-301F-11D3-BF4B-00C04F79EFBC}") = "UserService.Application", "src\UserService\UserService.Application\UserService.Application.csproj", "{51343E9F-6C5C-42E8-AD9D-919F51FABC77}"
EndProject
Project("{FAE04EC0-301F-11D3-BF4B-00C04F79EFBC}") = "UserService.Domain", "src\UserService\UserService.Domain\UserService.Domain.csproj", "{34072A71-1347-486B-9AA5-E58C352F0940}"
EndProject
Project("{FAE04EC0-301F-11D3-BF4B-00C04F79EFBC}") = "UserService.Infrastructure", "src\UserService\UserService.Infrastructure\UserService.Infrastructure.csproj", "{FDD58E96-D455-4901-ABB7-8F9DB371C0F5}"
EndProject
Project("{FAE04EC0-301F-11D3-BF4B-00C04F79EFBC}") = "ContentService.Api", "src\ContentService\ContentService.Api\ContentService.Api.csproj", "{A731A857-ED5B-482C-B2CB-B059BF9A2EDA}"
EndProject
Project("{FAE04EC0-301F-11D3-BF4B-00C04F79EFBC}") = "ContentService.Application", "src\ContentService\ContentService.Application\ContentService.Application.csproj", "{F00E80BB-0D8A-481F-8DB3-3208A5F43C0D}"
EndProject
Project("{FAE04EC0-301F-11D3-BF4B-00C04F79EFBC}") = "ContentService.Domain", "src\ContentService\ContentService.Domain\ContentService.Domain.csproj", "{6919DD4D-4356-4A14-8D6D-E94268A6E40B}"
EndProject
Project("{FAE04EC0-301F-11D3-BF4B-00C04F79EFBC}") = "ContentService.Infrastructure", "src\ContentService\ContentService.Infrastructure\ContentService.Infrastructure.csproj", "{B7D3EC4A-20FE-4E19-BC68-DE94B94C97A6}"
EndProject
Project("{2150E333-8FDC-42A3-9474-1A3956D46DE8}") = "solution Items", "solution Items", "{27DEA930-C69B-43E9-B8CF-9AD1169C065A}"
	ProjectSection(SolutionItems) = preProject
		.editorconfig = .editorconfig
		.gitattributes.txt = .gitattributes.txt
		.gitignore = .gitignore
		Directory.Build.props.xml = Directory.Build.props.xml
		LICENSE = LICENSE
		README.md = README.md
	EndProjectSection
EndProject
Project("{2150E333-8FDC-42A3-9474-1A3956D46DE8}") = "content-service", "content-service", "{132FE196-AF30-4839-94BF-9E9E2B31FEB3}"
EndProject
Project("{2150E333-8FDC-42A3-9474-1A3956D46DE8}") = "user-service", "user-service", "{FB25F833-EB21-496B-AEC6-FA18A20A7B77}"
EndProject
Project("{2150E333-8FDC-42A3-9474-1A3956D46DE8}") = "building-blocks", "building-blocks", "{BD452D29-85AF-473C-8ACA-AD3558773BE5}"
EndProject
Project("{FAE04EC0-301F-11D3-BF4B-00C04F79EFBC}") = "Shared.Web", "src\BuildingBlocks\Shared.Web\Shared.Web.csproj", "{E4EA5925-25DB-437B-95EB-621B751E4F79}"
EndProject
Global
	GlobalSection(SolutionConfigurationPlatforms) = preSolution
		Debug|Any CPU = Debug|Any CPU
		Release|Any CPU = Release|Any CPU
	EndGlobalSection
	GlobalSection(ProjectConfigurationPlatforms) = postSolution
		{5E05B533-8EC1-4B08-A55E-646572482645}.Debug|Any CPU.ActiveCfg = Debug|Any CPU
		{5E05B533-8EC1-4B08-A55E-646572482645}.Debug|Any CPU.Build.0 = Debug|Any CPU
		{5E05B533-8EC1-4B08-A55E-646572482645}.Release|Any CPU.ActiveCfg = Release|Any CPU
		{5E05B533-8EC1-4B08-A55E-646572482645}.Release|Any CPU.Build.0 = Release|Any CPU
		{51343E9F-6C5C-42E8-AD9D-919F51FABC77}.Debug|Any CPU.ActiveCfg = Debug|Any CPU
		{51343E9F-6C5C-42E8-AD9D-919F51FABC77}.Debug|Any CPU.Build.0 = Debug|Any CPU
		{51343E9F-6C5C-42E8-AD9D-919F51FABC77}.Release|Any CPU.ActiveCfg = Release|Any CPU
		{51343E9F-6C5C-42E8-AD9D-919F51FABC77}.Release|Any CPU.Build.0 = Release|Any CPU
		{34072A71-1347-486B-9AA5-E58C352F0940}.Debug|Any CPU.ActiveCfg = Debug|Any CPU
		{34072A71-1347-486B-9AA5-E58C352F0940}.Debug|Any CPU.Build.0 = Debug|Any CPU
		{34072A71-1347-486B-9AA5-E58C352F0940}.Release|Any CPU.ActiveCfg = Release|Any CPU
		{34072A71-1347-486B-9AA5-E58C352F0940}.Release|Any CPU.Build.0 = Release|Any CPU
		{FDD58E96-D455-4901-ABB7-8F9DB371C0F5}.Debug|Any CPU.ActiveCfg = Debug|Any CPU
		{FDD58E96-D455-4901-ABB7-8F9DB371C0F5}.Debug|Any CPU.Build.0 = Debug|Any CPU
		{FDD58E96-D455-4901-ABB7-8F9DB371C0F5}.Release|Any CPU.ActiveCfg = Release|Any CPU
		{FDD58E96-D455-4901-ABB7-8F9DB371C0F5}.Release|Any CPU.Build.0 = Release|Any CPU
		{A731A857-ED5B-482C-B2CB-B059BF9A2EDA}.Debug|Any CPU.ActiveCfg = Debug|Any CPU
		{A731A857-ED5B-482C-B2CB-B059BF9A2EDA}.Debug|Any CPU.Build.0 = Debug|Any CPU
		{A731A857-ED5B-482C-B2CB-B059BF9A2EDA}.Release|Any CPU.ActiveCfg = Release|Any CPU
		{A731A857-ED5B-482C-B2CB-B059BF9A2EDA}.Release|Any CPU.Build.0 = Release|Any CPU
		{F00E80BB-0D8A-481F-8DB3-3208A5F43C0D}.Debug|Any CPU.ActiveCfg = Debug|Any CPU
		{F00E80BB-0D8A-481F-8DB3-3208A5F43C0D}.Debug|Any CPU.Build.0 = Debug|Any CPU
		{F00E80BB-0D8A-481F-8DB3-3208A5F43C0D}.Release|Any CPU.ActiveCfg = Release|Any CPU
		{F00E80BB-0D8A-481F-8DB3-3208A5F43C0D}.Release|Any CPU.Build.0 = Release|Any CPU
		{6919DD4D-4356-4A14-8D6D-E94268A6E40B}.Debug|Any CPU.ActiveCfg = Debug|Any CPU
		{6919DD4D-4356-4A14-8D6D-E94268A6E40B}.Debug|Any CPU.Build.0 = Debug|Any CPU
		{6919DD4D-4356-4A14-8D6D-E94268A6E40B}.Release|Any CPU.ActiveCfg = Release|Any CPU
		{6919DD4D-4356-4A14-8D6D-E94268A6E40B}.Release|Any CPU.Build.0 = Release|Any CPU
		{B7D3EC4A-20FE-4E19-BC68-DE94B94C97A6}.Debug|Any CPU.ActiveCfg = Debug|Any CPU
		{B7D3EC4A-20FE-4E19-BC68-DE94B94C97A6}.Debug|Any CPU.Build.0 = Debug|Any CPU
		{B7D3EC4A-20FE-4E19-BC68-DE94B94C97A6}.Release|Any CPU.ActiveCfg = Release|Any CPU
		{B7D3EC4A-20FE-4E19-BC68-DE94B94C97A6}.Release|Any CPU.Build.0 = Release|Any CPU
		{E4EA5925-25DB-437B-95EB-621B751E4F79}.Debug|Any CPU.ActiveCfg = Debug|Any CPU
		{E4EA5925-25DB-437B-95EB-621B751E4F79}.Debug|Any CPU.Build.0 = Debug|Any CPU
		{E4EA5925-25DB-437B-95EB-621B751E4F79}.Release|Any CPU.ActiveCfg = Release|Any CPU
		{E4EA5925-25DB-437B-95EB-621B751E4F79}.Release|Any CPU.Build.0 = Release|Any CPU
	EndGlobalSection
	GlobalSection(SolutionProperties) = preSolution
		HideSolutionNode = FALSE
	EndGlobalSection
	GlobalSection(NestedProjects) = preSolution
		{5E05B533-8EC1-4B08-A55E-646572482645} = {FB25F833-EB21-496B-AEC6-FA18A20A7B77}
		{51343E9F-6C5C-42E8-AD9D-919F51FABC77} = {FB25F833-EB21-496B-AEC6-FA18A20A7B77}
		{34072A71-1347-486B-9AA5-E58C352F0940} = {FB25F833-EB21-496B-AEC6-FA18A20A7B77}
		{FDD58E96-D455-4901-ABB7-8F9DB371C0F5} = {FB25F833-EB21-496B-AEC6-FA18A20A7B77}
		{A731A857-ED5B-482C-B2CB-B059BF9A2EDA} = {132FE196-AF30-4839-94BF-9E9E2B31FEB3}
		{F00E80BB-0D8A-481F-8DB3-3208A5F43C0D} = {132FE196-AF30-4839-94BF-9E9E2B31FEB3}
		{6919DD4D-4356-4A14-8D6D-E94268A6E40B} = {132FE196-AF30-4839-94BF-9E9E2B31FEB3}
		{B7D3EC4A-20FE-4E19-BC68-DE94B94C97A6} = {132FE196-AF30-4839-94BF-9E9E2B31FEB3}
		{132FE196-AF30-4839-94BF-9E9E2B31FEB3} = {02EA681E-C7D8-13C7-8484-4AC65E1B71E8}
		{FB25F833-EB21-496B-AEC6-FA18A20A7B77} = {02EA681E-C7D8-13C7-8484-4AC65E1B71E8}
		{BD452D29-85AF-473C-8ACA-AD3558773BE5} = {02EA681E-C7D8-13C7-8484-4AC65E1B71E8}
		{E4EA5925-25DB-437B-95EB-621B751E4F79} = {BD452D29-85AF-473C-8ACA-AD3558773BE5}
	EndGlobalSection
	GlobalSection(ExtensibilityGlobals) = postSolution
		SolutionGuid = {74616B61-1F72-4E45-8201-B101DD72E9BE}
	EndGlobalSection
EndGlobal
