
Microsoft Visual Studio Solution File, Format Version 12.00
# Visual Studio Version 17
VisualStudioVersion = 17.14.36414.22
MinimumVisualStudioVersion = 10.0.40219.1
Project("{2150E333-8FDC-42A3-9474-1A3956D46DE8}") = "src", "src", "{02EA681E-C7D8-13C7-8484-4AC65E1B71E8}"
EndProject
Project("{FAE04EC0-301F-11D3-BF4B-00C04F79EFBC}") = "UserService.Api", "src\UserService\UserService.Api\UserService.Api.csproj", "{5E05B533-8EC1-4B08-A55E-646572482645}"
EndProject
Project("{FAE04EC0-301F-11D3-BF4B-00C04F79EFBC}") = "UserService.Application", "src\UserService\UserService.Application\UserService.Application.csproj", "{51343E9F-6C5C-42E8-AD9D-919F51FABC77}"
EndProject
Project("{FAE04EC0-301F-11D3-BF4B-00C04F79EFBC}") = "UserService.Domain", "src\UserService\UserService.Domain\UserService.Domain.csproj", "{34072A71-1347-486B-9AA5-E58C352F0940}"
EndProject
Project("{FAE04EC0-301F-11D3-BF4B-00C04F79EFBC}") = "UserService.Infrastructure", "src\UserService\UserService.Infrastructure\UserService.Infrastructure.csproj", "{FDD58E96-D455-4901-ABB7-8F9DB371C0F5}"
EndProject
Project("{FAE04EC0-301F-11D3-BF4B-00C04F79EFBC}") = "ContentService.Api", "src\ContentService\ContentService.Api\ContentService.Api.csproj", "{A731A857-ED5B-482C-B2CB-B059BF9A2EDA}"
EndProject
Project("{FAE04EC0-301F-11D3-BF4B-00C04F79EFBC}") = "ContentService.Application", "src\ContentService\ContentService.Application\ContentService.Application.csproj", "{F00E80BB-0D8A-481F-8DB3-3208A5F43C0D}"
EndProject
Project("{FAE04EC0-301F-11D3-BF4B-00C04F79EFBC}") = "ContentService.Domain", "src\ContentService\ContentService.Domain\ContentService.Domain.csproj", "{6919DD4D-4356-4A14-8D6D-E94268A6E40B}"
EndProject
Project("{FAE04EC0-301F-11D3-BF4B-00C04F79EFBC}") = "ContentService.Infrastructure", "src\ContentService\ContentService.Infrastructure\ContentService.Infrastructure.csproj", "{B7D3EC4A-20FE-4E19-BC68-DE94B94C97A6}"
EndProject
Project("{2150E333-8FDC-42A3-9474-1A3956D46DE8}") = "solution Items", "solution Items", "{27DEA930-C69B-43E9-B8CF-9AD1169C065A}"
	ProjectSection(SolutionItems) = preProject
		.dockerignore = .dockerignore
		.editorconfig = .editorconfig
		.env = .env
		.gitattributes.txt = .gitattributes.txt
		.gitignore = .gitignore
		Directory.Build.props.xml = Directory.Build.props.xml
		docker-compose.yml = docker-compose.yml
		LICENSE = LICENSE
		README.md = README.md
	EndProjectSection
EndProject
Project("{2150E333-8FDC-42A3-9474-1A3956D46DE8}") = "content-service", "content-service", "{132FE196-AF30-4839-94BF-9E9E2B31FEB3}"
EndProject
Project("{2150E333-8FDC-42A3-9474-1A3956D46DE8}") = "user-service", "user-service", "{FB25F833-EB21-496B-AEC6-FA18A20A7B77}"
EndProject
Project("{2150E333-8FDC-42A3-9474-1A3956D46DE8}") = "building-blocks", "building-blocks", "{BD452D29-85AF-473C-8ACA-AD3558773BE5}"
EndProject
Project("{FAE04EC0-301F-11D3-BF4B-00C04F79EFBC}") = "Shared.Web", "src\BuildingBlocks\Shared.Web\Shared.Web.csproj", "{E4EA5925-25DB-437B-95EB-621B751E4F79}"
EndProject
Project("{2150E333-8FDC-42A3-9474-1A3956D46DE8}") = "docker", "docker", "{AC41A6E7-40E8-4C1B-A2E1-206A6DE7288E}"
EndProject
Project("{2150E333-8FDC-42A3-9474-1A3956D46DE8}") = "postgres", "postgres", "{752F8E91-A237-42F5-B413-7137EFFC0C4A}"
EndProject
Project("{2150E333-8FDC-42A3-9474-1A3956D46DE8}") = "initdb", "initdb", "{16C28631-B561-496A-940B-804360716182}"
	ProjectSection(SolutionItems) = preProject
		01-init.sql = 01-init.sql
	EndProjectSection
EndProject
Project("{2150E333-8FDC-42A3-9474-1A3956D46DE8}") = "redis", "redis", "{3121C2F9-6C81-4EE4-A4B1-19637DB8368D}"
	ProjectSection(SolutionItems) = preProject
		redis.conf = redis.conf
	EndProjectSection
EndProject
Project("{2150E333-8FDC-42A3-9474-1A3956D46DE8}") = "loki", "loki", "{D7727453-8957-4129-8977-E23BBCECD947}"
	ProjectSection(SolutionItems) = preProject
		loki-config.yaml = loki-config.yaml
	EndProjectSection
EndProject
Project("{2150E333-8FDC-42A3-9474-1A3956D46DE8}") = "grafana", "grafana", "{AF346893-1FEB-4279-8914-708F1620FFD5}"
EndProject
Project("{2150E333-8FDC-42A3-9474-1A3956D46DE8}") = "provisioning", "provisioning", "{3A72C4A7-B2C5-40D7-BCD3-31F8C8AE36DD}"
EndProject
Project("{2150E333-8FDC-42A3-9474-1A3956D46DE8}") = "datasources", "datasources", "{071A7FC0-1FB8-4EB2-8E29-191EA8F8F1EB}"
	ProjectSection(SolutionItems) = preProject
		datasource.yml = datasource.yml
	EndProjectSection
EndProject
Project("{2150E333-8FDC-42A3-9474-1A3956D46DE8}") = "docs", "docs", "{48E9CB22-3887-40B8-807E-8FC8DB76DE2A}"
	ProjectSection(SolutionItems) = preProject
		operation.md = operation.md
		postman_collection.json = postman_collection.json
		..\..\..\Downloads\system-context-diagram.png = ..\..\..\Downloads\system-context-diagram.png
	EndProjectSection
EndProject
Project("{2150E333-8FDC-42A3-9474-1A3956D46DE8}") = "tests", "tests", "{9AD45D1F-6B2F-4C30-B806-A5BB0F1213F8}"
EndProject
Project("{FAE04EC0-301F-11D3-BF4B-00C04F79EFBC}") = "UserService.UnitTests", "tests\UserService.UnitTests\UserService.UnitTests.csproj", "{70FE5820-26E9-9063-D4DE-8A6F58AA8000}"
EndProject
Project("{FAE04EC0-301F-11D3-BF4B-00C04F79EFBC}") = "UserService.IntegrationTests", "tests\UserService.IntegrationTests\UserService.IntegrationTests.csproj", "{B9AAF311-83E5-6DD5-F3A1-30A4C549D7D2}"
EndProject
Project("{FAE04EC0-301F-11D3-BF4B-00C04F79EFBC}") = "ContentService.UnitTests", "tests\ContentService.UnitTests\ContentService.UnitTests.csproj", "{149C1AE5-B5EF-D432-6EA6-0F9BC488C353}"
EndProject
Project("{FAE04EC0-301F-11D3-BF4B-00C04F79EFBC}") = "ContentService.IntegrationTests", "tests\ContentService.IntegrationTests\ContentService.IntegrationTests.csproj", "{E0BD4176-EB3D-685C-F59C-9957639B477E}"
EndProject
Global
	GlobalSection(SolutionConfigurationPlatforms) = preSolution
		Debug|Any CPU = Debug|Any CPU
		Release|Any CPU = Release|Any CPU
	EndGlobalSection
	GlobalSection(ProjectConfigurationPlatforms) = postSolution
		{5E05B533-8EC1-4B08-A55E-646572482645}.Debug|Any CPU.ActiveCfg = Debug|Any CPU
		{5E05B533-8EC1-4B08-A55E-646572482645}.Debug|Any CPU.Build.0 = Debug|Any CPU
		{5E05B533-8EC1-4B08-A55E-646572482645}.Release|Any CPU.ActiveCfg = Release|Any CPU
		{5E05B533-8EC1-4B08-A55E-646572482645}.Release|Any CPU.Build.0 = Release|Any CPU
		{51343E9F-6C5C-42E8-AD9D-919F51FABC77}.Debug|Any CPU.ActiveCfg = Debug|Any CPU
		{51343E9F-6C5C-42E8-AD9D-919F51FABC77}.Debug|Any CPU.Build.0 = Debug|Any CPU
		{51343E9F-6C5C-42E8-AD9D-919F51FABC77}.Release|Any CPU.ActiveCfg = Release|Any CPU
		{51343E9F-6C5C-42E8-AD9D-919F51FABC77}.Release|Any CPU.Build.0 = Release|Any CPU
		{34072A71-1347-486B-9AA5-E58C352F0940}.Debug|Any CPU.ActiveCfg = Debug|Any CPU
		{34072A71-1347-486B-9AA5-E58C352F0940}.Debug|Any CPU.Build.0 = Debug|Any CPU
		{34072A71-1347-486B-9AA5-E58C352F0940}.Release|Any CPU.ActiveCfg = Release|Any CPU
		{34072A71-1347-486B-9AA5-E58C352F0940}.Release|Any CPU.Build.0 = Release|Any CPU
		{FDD58E96-D455-4901-ABB7-8F9DB371C0F5}.Debug|Any CPU.ActiveCfg = Debug|Any CPU
		{FDD58E96-D455-4901-ABB7-8F9DB371C0F5}.Debug|Any CPU.Build.0 = Debug|Any CPU
		{FDD58E96-D455-4901-ABB7-8F9DB371C0F5}.Release|Any CPU.ActiveCfg = Release|Any CPU
		{FDD58E96-D455-4901-ABB7-8F9DB371C0F5}.Release|Any CPU.Build.0 = Release|Any CPU
		{A731A857-ED5B-482C-B2CB-B059BF9A2EDA}.Debug|Any CPU.ActiveCfg = Debug|Any CPU
		{A731A857-ED5B-482C-B2CB-B059BF9A2EDA}.Debug|Any CPU.Build.0 = Debug|Any CPU
		{A731A857-ED5B-482C-B2CB-B059BF9A2EDA}.Release|Any CPU.ActiveCfg = Release|Any CPU
		{A731A857-ED5B-482C-B2CB-B059BF9A2EDA}.Release|Any CPU.Build.0 = Release|Any CPU
		{F00E80BB-0D8A-481F-8DB3-3208A5F43C0D}.Debug|Any CPU.ActiveCfg = Debug|Any CPU
		{F00E80BB-0D8A-481F-8DB3-3208A5F43C0D}.Debug|Any CPU.Build.0 = Debug|Any CPU
		{F00E80BB-0D8A-481F-8DB3-3208A5F43C0D}.Release|Any CPU.ActiveCfg = Release|Any CPU
		{F00E80BB-0D8A-481F-8DB3-3208A5F43C0D}.Release|Any CPU.Build.0 = Release|Any CPU
		{6919DD4D-4356-4A14-8D6D-E94268A6E40B}.Debug|Any CPU.ActiveCfg = Debug|Any CPU
		{6919DD4D-4356-4A14-8D6D-E94268A6E40B}.Debug|Any CPU.Build.0 = Debug|Any CPU
		{6919DD4D-4356-4A14-8D6D-E94268A6E40B}.Release|Any CPU.ActiveCfg = Release|Any CPU
		{6919DD4D-4356-4A14-8D6D-E94268A6E40B}.Release|Any CPU.Build.0 = Release|Any CPU
		{B7D3EC4A-20FE-4E19-BC68-DE94B94C97A6}.Debug|Any CPU.ActiveCfg = Debug|Any CPU
		{B7D3EC4A-20FE-4E19-BC68-DE94B94C97A6}.Debug|Any CPU.Build.0 = Debug|Any CPU
		{B7D3EC4A-20FE-4E19-BC68-DE94B94C97A6}.Release|Any CPU.ActiveCfg = Release|Any CPU
		{B7D3EC4A-20FE-4E19-BC68-DE94B94C97A6}.Release|Any CPU.Build.0 = Release|Any CPU
		{E4EA5925-25DB-437B-95EB-621B751E4F79}.Debug|Any CPU.ActiveCfg = Debug|Any CPU
		{E4EA5925-25DB-437B-95EB-621B751E4F79}.Debug|Any CPU.Build.0 = Debug|Any CPU
		{E4EA5925-25DB-437B-95EB-621B751E4F79}.Release|Any CPU.ActiveCfg = Release|Any CPU
		{E4EA5925-25DB-437B-95EB-621B751E4F79}.Release|Any CPU.Build.0 = Release|Any CPU
		{70FE5820-26E9-9063-D4DE-8A6F58AA8000}.Debug|Any CPU.ActiveCfg = Debug|Any CPU
		{70FE5820-26E9-9063-D4DE-8A6F58AA8000}.Debug|Any CPU.Build.0 = Debug|Any CPU
		{70FE5820-26E9-9063-D4DE-8A6F58AA8000}.Release|Any CPU.ActiveCfg = Release|Any CPU
		{70FE5820-26E9-9063-D4DE-8A6F58AA8000}.Release|Any CPU.Build.0 = Release|Any CPU
		{B9AAF311-83E5-6DD5-F3A1-30A4C549D7D2}.Debug|Any CPU.ActiveCfg = Debug|Any CPU
		{B9AAF311-83E5-6DD5-F3A1-30A4C549D7D2}.Debug|Any CPU.Build.0 = Debug|Any CPU
		{B9AAF311-83E5-6DD5-F3A1-30A4C549D7D2}.Release|Any CPU.ActiveCfg = Release|Any CPU
		{B9AAF311-83E5-6DD5-F3A1-30A4C549D7D2}.Release|Any CPU.Build.0 = Release|Any CPU
		{149C1AE5-B5EF-D432-6EA6-0F9BC488C353}.Debug|Any CPU.ActiveCfg = Debug|Any CPU
		{149C1AE5-B5EF-D432-6EA6-0F9BC488C353}.Debug|Any CPU.Build.0 = Debug|Any CPU
		{149C1AE5-B5EF-D432-6EA6-0F9BC488C353}.Release|Any CPU.ActiveCfg = Release|Any CPU
		{149C1AE5-B5EF-D432-6EA6-0F9BC488C353}.Release|Any CPU.Build.0 = Release|Any CPU
		{E0BD4176-EB3D-685C-F59C-9957639B477E}.Debug|Any CPU.ActiveCfg = Debug|Any CPU
		{E0BD4176-EB3D-685C-F59C-9957639B477E}.Debug|Any CPU.Build.0 = Debug|Any CPU
		{E0BD4176-EB3D-685C-F59C-9957639B477E}.Release|Any CPU.ActiveCfg = Release|Any CPU
		{E0BD4176-EB3D-685C-F59C-9957639B477E}.Release|Any CPU.Build.0 = Release|Any CPU
	EndGlobalSection
	GlobalSection(SolutionProperties) = preSolution
		HideSolutionNode = FALSE
	EndGlobalSection
	GlobalSection(NestedProjects) = preSolution
		{5E05B533-8EC1-4B08-A55E-646572482645} = {FB25F833-EB21-496B-AEC6-FA18A20A7B77}
		{51343E9F-6C5C-42E8-AD9D-919F51FABC77} = {FB25F833-EB21-496B-AEC6-FA18A20A7B77}
		{34072A71-1347-486B-9AA5-E58C352F0940} = {FB25F833-EB21-496B-AEC6-FA18A20A7B77}
		{FDD58E96-D455-4901-ABB7-8F9DB371C0F5} = {FB25F833-EB21-496B-AEC6-FA18A20A7B77}
		{A731A857-ED5B-482C-B2CB-B059BF9A2EDA} = {132FE196-AF30-4839-94BF-9E9E2B31FEB3}
		{F00E80BB-0D8A-481F-8DB3-3208A5F43C0D} = {132FE196-AF30-4839-94BF-9E9E2B31FEB3}
		{6919DD4D-4356-4A14-8D6D-E94268A6E40B} = {132FE196-AF30-4839-94BF-9E9E2B31FEB3}
		{B7D3EC4A-20FE-4E19-BC68-DE94B94C97A6} = {132FE196-AF30-4839-94BF-9E9E2B31FEB3}
		{132FE196-AF30-4839-94BF-9E9E2B31FEB3} = {02EA681E-C7D8-13C7-8484-4AC65E1B71E8}
		{FB25F833-EB21-496B-AEC6-FA18A20A7B77} = {02EA681E-C7D8-13C7-8484-4AC65E1B71E8}
		{BD452D29-85AF-473C-8ACA-AD3558773BE5} = {02EA681E-C7D8-13C7-8484-4AC65E1B71E8}
		{E4EA5925-25DB-437B-95EB-621B751E4F79} = {BD452D29-85AF-473C-8ACA-AD3558773BE5}
		{AC41A6E7-40E8-4C1B-A2E1-206A6DE7288E} = {27DEA930-C69B-43E9-B8CF-9AD1169C065A}
		{752F8E91-A237-42F5-B413-7137EFFC0C4A} = {AC41A6E7-40E8-4C1B-A2E1-206A6DE7288E}
		{16C28631-B561-496A-940B-804360716182} = {752F8E91-A237-42F5-B413-7137EFFC0C4A}
		{3121C2F9-6C81-4EE4-A4B1-19637DB8368D} = {AC41A6E7-40E8-4C1B-A2E1-206A6DE7288E}
		{D7727453-8957-4129-8977-E23BBCECD947} = {AC41A6E7-40E8-4C1B-A2E1-206A6DE7288E}
		{AF346893-1FEB-4279-8914-708F1620FFD5} = {AC41A6E7-40E8-4C1B-A2E1-206A6DE7288E}
		{3A72C4A7-B2C5-40D7-BCD3-31F8C8AE36DD} = {AF346893-1FEB-4279-8914-708F1620FFD5}
		{071A7FC0-1FB8-4EB2-8E29-191EA8F8F1EB} = {3A72C4A7-B2C5-40D7-BCD3-31F8C8AE36DD}
		{48E9CB22-3887-40B8-807E-8FC8DB76DE2A} = {27DEA930-C69B-43E9-B8CF-9AD1169C065A}
		{70FE5820-26E9-9063-D4DE-8A6F58AA8000} = {9AD45D1F-6B2F-4C30-B806-A5BB0F1213F8}
		{B9AAF311-83E5-6DD5-F3A1-30A4C549D7D2} = {9AD45D1F-6B2F-4C30-B806-A5BB0F1213F8}
		{149C1AE5-B5EF-D432-6EA6-0F9BC488C353} = {9AD45D1F-6B2F-4C30-B806-A5BB0F1213F8}
		{E0BD4176-EB3D-685C-F59C-9957639B477E} = {9AD45D1F-6B2F-4C30-B806-A5BB0F1213F8}
	EndGlobalSection
	GlobalSection(ExtensibilityGlobals) = postSolution
		SolutionGuid = {74616B61-1F72-4E45-8201-B101DD72E9BE}
	EndGlobalSection
EndGlobal
